
Microsoft Visual Studio Solution File, Format Version 12.00
# Visual Studio Version 17
VisualStudioVersion = 17.6.33723.286
MinimumVisualStudioVersion = 10.0.40219.1
Project("{FAE04EC0-301F-11D3-BF4B-00C04F79EFBC}") = "HAS2TrainOS", "HAS2TrainOS\HAS2TrainOS.csproj", "{FB8BFB4B-C2CF-4CEB-A8B3-EDF15B5238E5}"
EndProject
Global
	GlobalSection(SolutionConfigurationPlatforms) = preSolution
		Debug|Any CPU = Debug|Any CPU
		Release|Any CPU = Release|Any CPU
	EndGlobalSection
	GlobalSection(ProjectConfigurationPlatforms) = postSolution
		{FB8BFB4B-C2CF-4CEB-A8B3-EDF15B5238E5}.Debug|Any CPU.ActiveCfg = Debug|Any CPU
		{FB8BFB4B-C2CF-4CEB-A8B3-EDF15B5238E5}.Debug|Any CPU.Build.0 = Debug|Any CPU
		{FB8BFB4B-C2CF-4CEB-A8B3-EDF15B5238E5}.Release|Any CPU.ActiveCfg = Release|Any CPU
		{FB8BFB4B-C2CF-4CEB-A8B3-EDF15B5238E5}.Release|Any CPU.Build.0 = Release|Any CPU
	EndGlobalSection
	GlobalSection(SolutionProperties) = preSolution
		HideSolutionNode = FALSE
	EndGlobalSection
	GlobalSection(ExtensibilityGlobals) = postSolution
		SolutionGuid = {67C9E427-BBCD-4E55-A410-0F238ACBB301}
	EndGlobalSection
EndGlobal
